version = 1
revision = 1
requires-python = ">=3.13"

[[package]]
name = "certifi"
version = "2025.1.31"
source = { registry = "https://pypi.org/simple" }
sdist = { url = "https://files.pythonhosted.org/packages/1c/ab/c9f1e32b7b1bf505bf26f0ef697775960db7932abeb7b516de930ba2705f/certifi-2025.1.31.tar.gz", hash = "sha256:3d5da6925056f6f18f119200434a4780a94263f10d1c21d032a6f6b2baa20651", size = 167577 }
wheels = [
    { url = "https://files.pythonhosted.org/packages/38/fc/bce832fd4fd99766c04d1ee0eead6b0ec6486fb100ae5e74c1d91292b982/certifi-2025.1.31-py3-none-any.whl", hash = "sha256:ca78db4565a652026a4db2bcdf68f2fb589ea80d0be70e03929ed730746b84fe", size = 166393 },
]

[[package]]
name = "hello-pulsar"
version = "0.1.0"
source = { virtual = "." }
dependencies = [
    { name = "pulsar-client" },
]

[package.metadata]
requires-dist = [{ name = "pulsar-client", specifier = ">=3.6.1" }]

[[package]]
name = "pulsar-client"
version = "3.6.1"
source = { registry = "https://pypi.org/simple" }
dependencies = [
    { name = "certifi" },
]
wheels = [
    { url = "https://files.pythonhosted.org/packages/f5/a6/ac4c51a4e341c61b98f89950da7acd546c1c8b3f215c8bdc1933e2c1acc0/pulsar_client-3.6.1-cp313-cp313-macosx_13_0_universal2.whl", hash = "sha256:18f9b8ea01a79f72fa456d326afa7a8894c56298ca21baadd939b155dc35e639", size = 7994179 },
    { url = "https://files.pythonhosted.org/packages/45/e3/1e624d2407b5eb979afed28d46abb85d596cd1bc06cde6f13a99ee48190a/pulsar_client-3.6.1-cp313-cp313-manylinux_2_17_aarch64.manylinux2014_aarch64.whl", hash = "sha256:56e63beac67ad2cf67eb8f88a3ffbafbd798895975678b8e16fb22092dc670a3", size = 5635769 },
    { url = "https://files.pythonhosted.org/packages/51/70/da2ec3c6f3a245f9ff3598290c1d85feadd3b40c4e615a7f5524adf7fd7f/pulsar_client-3.6.1-cp313-cp313-manylinux_2_17_x86_64.manylinux2014_x86_64.whl", hash = "sha256:d50a6dff558b00dbb9ac859558ac6ac788d4410dc50e660d3dcbf3cf8acf98ef", size = 5968082 },
    { url = "https://files.pythonhosted.org/packages/b3/e9/cea42774e830ab5f20d56feb51cbf8e6d6008fc188043b5ee4f50db17121/pulsar_client-3.6.1-cp313-cp313-musllinux_1_1_aarch64.whl", hash = "sha256:4c1aa7df4a1eacf49fa438b83f7999a49cd9cbc2f8768f70b6ba0da8ea6b022b", size = 5084657 },
    { url = "https://files.pythonhosted.org/packages/7f/c2/f5841e72ef66511c1421b5fe189dad618c178c475f59ed342953f2a01b91/pulsar_client-3.6.1-cp313-cp313-musllinux_1_1_x86_64.whl", hash = "sha256:3fb09f9fb5510a6dc1b72831dbbf17a4298d8ec25af1f755cdaef3dba469e65d", size = 5318732 },
    { url = "https://files.pythonhosted.org/packages/db/e6/9e4cac90b82c6d64ceffea949b7bcac1f512fbbe1976f14b99accef038aa/pulsar_client-3.6.1-cp313-cp313-win_amd64.whl", hash = "sha256:b080192d0d8075b7d010e32aed597e5dcdab6dbbe31662eccb980afe8cb250fb", size = 3311080 },
]
